// !$*UTF8*$!
{
	archiveVersion = 1;
	classes = {
	};
	objectVersion = 55;
	objects = {

/* Begin PBXBuildFile section */
		23110DD327FEF2C300D354E1 /* MenuView.swift in Sources */ = {isa = PBXBuildFile; fileRef = 23110DD227FEF2C300D354E1 /* MenuView.swift */; };
		238228CB27EA13B500AA3987 /* What_the_Cat__App.swift in Sources */ = {isa = PBXBuildFile; fileRef = 238228CA27EA13B500AA3987 /* What_the_Cat__App.swift */; };
		238228CD27EA13B500AA3987 /* ContentView.swift in Sources */ = {isa = PBXBuildFile; fileRef = 238228CC27EA13B500AA3987 /* ContentView.swift */; };
		238228CF27EA13B800AA3987 /* Assets.xcassets in Resources */ = {isa = PBXBuildFile; fileRef = 238228CE27EA13B800AA3987 /* Assets.xcassets */; };
		238228D227EA13B800AA3987 /* Preview Assets.xcassets in Resources */ = {isa = PBXBuildFile; fileRef = 238228D127EA13B800AA3987 /* Preview Assets.xcassets */; };
		238228E527EA1DE100AA3987 /* Minecraft.ttf in Resources */ = {isa = PBXBuildFile; fileRef = 238228E427EA1DE100AA3987 /* Minecraft.ttf */; };
		238228E727EA263600AA3987 /* ElementView.swift in Sources */ = {isa = PBXBuildFile; fileRef = 238228E627EA263600AA3987 /* ElementView.swift */; };
		238228E927EA278000AA3987 /* TopLayoutView.swift in Sources */ = {isa = PBXBuildFile; fileRef = 238228E827EA278000AA3987 /* TopLayoutView.swift */; };
		2382F10C27EB28BF001DC415 /* BoxScene.swift in Sources */ = {isa = PBXBuildFile; fileRef = 2382F10B27EB28BF001DC415 /* BoxScene.swift */; };
		238A42D727EB7C41002C4B20 /* IngredientModel.swift in Sources */ = {isa = PBXBuildFile; fileRef = 238A42D627EB7C41002C4B20 /* IngredientModel.swift */; };
		238A42D927EB7C5B002C4B20 /* BoxModel.swift in Sources */ = {isa = PBXBuildFile; fileRef = 238A42D827EB7C5B002C4B20 /* BoxModel.swift */; };
		238A42DB27EB7C83002C4B20 /* CatModel.swift in Sources */ = {isa = PBXBuildFile; fileRef = 238A42DA27EB7C83002C4B20 /* CatModel.swift */; };
		238A42DD27EB7F53002C4B20 /* GridModel.swift in Sources */ = {isa = PBXBuildFile; fileRef = 238A42DC27EB7F53002C4B20 /* GridModel.swift */; };
		238C183B27FAF4A200D48093 /* Constants.swift in Sources */ = {isa = PBXBuildFile; fileRef = 238C183A27FAF4A200D48093 /* Constants.swift */; };
		238C183F27FAFE3200D48093 /* IngredientsGridModel.swift in Sources */ = {isa = PBXBuildFile; fileRef = 238C183E27FAFE3200D48093 /* IngredientsGridModel.swift */; };
		23DCDBAD27EDD4F300ACED5E /* magicParticle.sks in Resources */ = {isa = PBXBuildFile; fileRef = 23DCDBAC27EDD4F300ACED5E /* magicParticle.sks */; };
		23F03D1227ECC90D00D035F6 /* ArcadeGameLogic.swift in Sources */ = {isa = PBXBuildFile; fileRef = 23F03D1127ECC90D00D035F6 /* ArcadeGameLogic.swift */; };
		D2A1AE2B27FF7F1E00AD7053 /* not-cat.wav in Resources */ = {isa = PBXBuildFile; fileRef = D2A1AE2627FF7F1E00AD7053 /* not-cat.wav */; };
		D2A1AE2C27FF7F1E00AD7053 /* game-over.wav in Resources */ = {isa = PBXBuildFile; fileRef = D2A1AE2727FF7F1E00AD7053 /* game-over.wav */; };
		D2A1AE2D27FF7F1E00AD7053 /* cat-purrfect.wav in Resources */ = {isa = PBXBuildFile; fileRef = D2A1AE2827FF7F1E00AD7053 /* cat-purrfect.wav */; };
		D2A1AE2E27FF7F1E00AD7053 /* cat-error.wav in Resources */ = {isa = PBXBuildFile; fileRef = D2A1AE2927FF7F1E00AD7053 /* cat-error.wav */; };
		D2A1AE2F27FF7F1E00AD7053 /* music.wav in Resources */ = {isa = PBXBuildFile; fileRef = D2A1AE2A27FF7F1E00AD7053 /* music.wav */; };
/* End PBXBuildFile section */

/* Begin PBXFileReference section */
		23110DD227FEF2C300D354E1 /* MenuView.swift */ = {isa = PBXFileReference; lastKnownFileType = sourcecode.swift; path = MenuView.swift; sourceTree = "<group>"; };
		238228C727EA13B500AA3987 /* What the Cat?!.app */ = {isa = PBXFileReference; explicitFileType = wrapper.application; includeInIndex = 0; path = "What the Cat?!.app"; sourceTree = BUILT_PRODUCTS_DIR; };
		238228CA27EA13B500AA3987 /* What_the_Cat__App.swift */ = {isa = PBXFileReference; lastKnownFileType = sourcecode.swift; path = What_the_Cat__App.swift; sourceTree = "<group>"; };
		238228CC27EA13B500AA3987 /* ContentView.swift */ = {isa = PBXFileReference; lastKnownFileType = sourcecode.swift; path = ContentView.swift; sourceTree = "<group>"; };
		238228CE27EA13B800AA3987 /* Assets.xcassets */ = {isa = PBXFileReference; lastKnownFileType = folder.assetcatalog; path = Assets.xcassets; sourceTree = "<group>"; };
		238228D127EA13B800AA3987 /* Preview Assets.xcassets */ = {isa = PBXFileReference; lastKnownFileType = folder.assetcatalog; path = "Preview Assets.xcassets"; sourceTree = "<group>"; };
		238228DD27EA181400AA3987 /* What-the-Cat---Info.plist */ = {isa = PBXFileReference; lastKnownFileType = text.plist; path = "What-the-Cat---Info.plist"; sourceTree = SOURCE_ROOT; };
		238228E427EA1DE100AA3987 /* Minecraft.ttf */ = {isa = PBXFileReference; lastKnownFileType = file; path = Minecraft.ttf; sourceTree = "<group>"; };
		238228E627EA263600AA3987 /* ElementView.swift */ = {isa = PBXFileReference; lastKnownFileType = sourcecode.swift; path = ElementView.swift; sourceTree = "<group>"; };
		238228E827EA278000AA3987 /* TopLayoutView.swift */ = {isa = PBXFileReference; lastKnownFileType = sourcecode.swift; path = TopLayoutView.swift; sourceTree = "<group>"; };
		2382F10B27EB28BF001DC415 /* BoxScene.swift */ = {isa = PBXFileReference; lastKnownFileType = sourcecode.swift; path = BoxScene.swift; sourceTree = "<group>"; };
		238A42D627EB7C41002C4B20 /* IngredientModel.swift */ = {isa = PBXFileReference; lastKnownFileType = sourcecode.swift; path = IngredientModel.swift; sourceTree = "<group>"; };
		238A42D827EB7C5B002C4B20 /* BoxModel.swift */ = {isa = PBXFileReference; lastKnownFileType = sourcecode.swift; path = BoxModel.swift; sourceTree = "<group>"; };
		238A42DA27EB7C83002C4B20 /* CatModel.swift */ = {isa = PBXFileReference; lastKnownFileType = sourcecode.swift; path = CatModel.swift; sourceTree = "<group>"; };
		238A42DC27EB7F53002C4B20 /* GridModel.swift */ = {isa = PBXFileReference; lastKnownFileType = sourcecode.swift; path = GridModel.swift; sourceTree = "<group>"; };
		238C183A27FAF4A200D48093 /* Constants.swift */ = {isa = PBXFileReference; lastKnownFileType = sourcecode.swift; path = Constants.swift; sourceTree = "<group>"; };
		238C183E27FAFE3200D48093 /* IngredientsGridModel.swift */ = {isa = PBXFileReference; lastKnownFileType = sourcecode.swift; path = IngredientsGridModel.swift; sourceTree = "<group>"; };
		23DCDBAC27EDD4F300ACED5E /* magicParticle.sks */ = {isa = PBXFileReference; lastKnownFileType = file.sks; path = magicParticle.sks; sourceTree = "<group>"; };
		23F03D1127ECC90D00D035F6 /* ArcadeGameLogic.swift */ = {isa = PBXFileReference; lastKnownFileType = sourcecode.swift; path = ArcadeGameLogic.swift; sourceTree = "<group>"; };
		D2A1AE2627FF7F1E00AD7053 /* not-cat.wav */ = {isa = PBXFileReference; lastKnownFileType = audio.wav; path = "not-cat.wav"; sourceTree = "<group>"; };
		D2A1AE2727FF7F1E00AD7053 /* game-over.wav */ = {isa = PBXFileReference; lastKnownFileType = audio.wav; path = "game-over.wav"; sourceTree = "<group>"; };
		D2A1AE2827FF7F1E00AD7053 /* cat-purrfect.wav */ = {isa = PBXFileReference; lastKnownFileType = audio.wav; path = "cat-purrfect.wav"; sourceTree = "<group>"; };
		D2A1AE2927FF7F1E00AD7053 /* cat-error.wav */ = {isa = PBXFileReference; lastKnownFileType = audio.wav; path = "cat-error.wav"; sourceTree = "<group>"; };
		D2A1AE2A27FF7F1E00AD7053 /* music.wav */ = {isa = PBXFileReference; lastKnownFileType = audio.wav; path = music.wav; sourceTree = "<group>"; };
/* End PBXFileReference section */

/* Begin PBXFrameworksBuildPhase section */
		238228C427EA13B500AA3987 /* Frameworks */ = {
			isa = PBXFrameworksBuildPhase;
			buildActionMask = 2147483647;
			files = (
			);
			runOnlyForDeploymentPostprocessing = 0;
		};
/* End PBXFrameworksBuildPhase section */

/* Begin PBXGroup section */
		238228BE27EA13B500AA3987 = {
			isa = PBXGroup;
			children = (
				238228C927EA13B500AA3987 /* What the Cat?! */,
				238228C827EA13B500AA3987 /* Products */,
			);
			sourceTree = "<group>";
		};
		238228C827EA13B500AA3987 /* Products */ = {
			isa = PBXGroup;
			children = (
				238228C727EA13B500AA3987 /* What the Cat?!.app */,
			);
			name = Products;
			sourceTree = "<group>";
		};
		238228C927EA13B500AA3987 /* What the Cat?! */ = {
			isa = PBXGroup;
			children = (
				238228DD27EA181400AA3987 /* What-the-Cat---Info.plist */,
				238228CA27EA13B500AA3987 /* What_the_Cat__App.swift */,
				238228CC27EA13B500AA3987 /* ContentView.swift */,
				23110DD227FEF2C300D354E1 /* MenuView.swift */,
				23DCDBAC27EDD4F300ACED5E /* magicParticle.sks */,
				238A42DA27EB7C83002C4B20 /* CatModel.swift */,
				2382F10B27EB28BF001DC415 /* BoxScene.swift */,
				238C183A27FAF4A200D48093 /* Constants.swift */,
				23F03D1127ECC90D00D035F6 /* ArcadeGameLogic.swift */,
				238A42DC27EB7F53002C4B20 /* GridModel.swift */,
				238C183E27FAFE3200D48093 /* IngredientsGridModel.swift */,
				238A42D627EB7C41002C4B20 /* IngredientModel.swift */,
				238A42D827EB7C5B002C4B20 /* BoxModel.swift */,
				238228E827EA278000AA3987 /* TopLayoutView.swift */,
				238228E627EA263600AA3987 /* ElementView.swift */,
				D2A1AE2927FF7F1E00AD7053 /* cat-error.wav */,
				D2A1AE2827FF7F1E00AD7053 /* cat-purrfect.wav */,
				D2A1AE2727FF7F1E00AD7053 /* game-over.wav */,
				D2A1AE2A27FF7F1E00AD7053 /* music.wav */,
				D2A1AE2627FF7F1E00AD7053 /* not-cat.wav */,
				238228D827EA177C00AA3987 /* Fonts */,
				238228CE27EA13B800AA3987 /* Assets.xcassets */,
				238228D027EA13B800AA3987 /* Preview Content */,
			);
			path = "What the Cat?!";
			sourceTree = "<group>";
		};
		238228D027EA13B800AA3987 /* Preview Content */ = {
			isa = PBXGroup;
			children = (
				238228D127EA13B800AA3987 /* Preview Assets.xcassets */,
			);
			path = "Preview Content";
			sourceTree = "<group>";
		};
		238228D827EA177C00AA3987 /* Fonts */ = {
			isa = PBXGroup;
			children = (
				238228E427EA1DE100AA3987 /* Minecraft.ttf */,
			);
			path = Fonts;
			sourceTree = "<group>";
		};
/* End PBXGroup section */

/* Begin PBXNativeTarget section */
		238228C627EA13B500AA3987 /* What the Cat?! */ = {
			isa = PBXNativeTarget;
			buildConfigurationList = 238228D527EA13B800AA3987 /* Build configuration list for PBXNativeTarget "What the Cat?!" */;
			buildPhases = (
				238228C327EA13B500AA3987 /* Sources */,
				238228C427EA13B500AA3987 /* Frameworks */,
				238228C527EA13B500AA3987 /* Resources */,
			);
			buildRules = (
			);
			dependencies = (
			);
			name = "What the Cat?!";
			productName = "What the Cat?!";
			productReference = 238228C727EA13B500AA3987 /* What the Cat?!.app */;
			productType = "com.apple.product-type.application";
		};
/* End PBXNativeTarget section */

/* Begin PBXProject section */
		238228BF27EA13B500AA3987 /* Project object */ = {
			isa = PBXProject;
			attributes = {
				BuildIndependentTargetsInParallel = 1;
				LastSwiftUpdateCheck = 1330;
				LastUpgradeCheck = 1330;
				TargetAttributes = {
					238228C627EA13B500AA3987 = {
						CreatedOnToolsVersion = 13.3;
					};
				};
			};
			buildConfigurationList = 238228C227EA13B500AA3987 /* Build configuration list for PBXProject "What the Cat?!" */;
			compatibilityVersion = "Xcode 13.0";
			developmentRegion = en;
			hasScannedForEncodings = 0;
			knownRegions = (
				en,
				Base,
			);
			mainGroup = 238228BE27EA13B500AA3987;
			productRefGroup = 238228C827EA13B500AA3987 /* Products */;
			projectDirPath = "";
			projectRoot = "";
			targets = (
				238228C627EA13B500AA3987 /* What the Cat?! */,
			);
		};
/* End PBXProject section */

/* Begin PBXResourcesBuildPhase section */
		238228C527EA13B500AA3987 /* Resources */ = {
			isa = PBXResourcesBuildPhase;
			buildActionMask = 2147483647;
			files = (
				D2A1AE2E27FF7F1E00AD7053 /* cat-error.wav in Resources */,
				D2A1AE2B27FF7F1E00AD7053 /* not-cat.wav in Resources */,
				D2A1AE2F27FF7F1E00AD7053 /* music.wav in Resources */,
				238228E527EA1DE100AA3987 /* Minecraft.ttf in Resources */,
				23DCDBAD27EDD4F300ACED5E /* magicParticle.sks in Resources */,
				238228D227EA13B800AA3987 /* Preview Assets.xcassets in Resources */,
				D2A1AE2D27FF7F1E00AD7053 /* cat-purrfect.wav in Resources */,
				D2A1AE2C27FF7F1E00AD7053 /* game-over.wav in Resources */,
				238228CF27EA13B800AA3987 /* Assets.xcassets in Resources */,
			);
			runOnlyForDeploymentPostprocessing = 0;
		};
/* End PBXResourcesBuildPhase section */

/* Begin PBXSourcesBuildPhase section */
		238228C327EA13B500AA3987 /* Sources */ = {
			isa = PBXSourcesBuildPhase;
			buildActionMask = 2147483647;
			files = (
				2382F10C27EB28BF001DC415 /* BoxScene.swift in Sources */,
				238C183B27FAF4A200D48093 /* Constants.swift in Sources */,
				238228E727EA263600AA3987 /* ElementView.swift in Sources */,
				238A42DB27EB7C83002C4B20 /* CatModel.swift in Sources */,
				238A42D727EB7C41002C4B20 /* IngredientModel.swift in Sources */,
				23F03D1227ECC90D00D035F6 /* ArcadeGameLogic.swift in Sources */,
				238228CD27EA13B500AA3987 /* ContentView.swift in Sources */,
				23110DD327FEF2C300D354E1 /* MenuView.swift in Sources */,
				238228E927EA278000AA3987 /* TopLayoutView.swift in Sources */,
				238C183F27FAFE3200D48093 /* IngredientsGridModel.swift in Sources */,
				238228CB27EA13B500AA3987 /* What_the_Cat__App.swift in Sources */,
				238A42D927EB7C5B002C4B20 /* BoxModel.swift in Sources */,
				238A42DD27EB7F53002C4B20 /* GridModel.swift in Sources */,
			);
			runOnlyForDeploymentPostprocessing = 0;
		};
/* End PBXSourcesBuildPhase section */

/* Begin XCBuildConfiguration section */
		238228D327EA13B800AA3987 /* Debug */ = {
			isa = XCBuildConfiguration;
			buildSettings = {
				ALWAYS_SEARCH_USER_PATHS = NO;
				CLANG_ANALYZER_NONNULL = YES;
				CLANG_ANALYZER_NUMBER_OBJECT_CONVERSION = YES_AGGRESSIVE;
				CLANG_CXX_LANGUAGE_STANDARD = "gnu++17";
				CLANG_ENABLE_MODULES = YES;
				CLANG_ENABLE_OBJC_ARC = YES;
				CLANG_ENABLE_OBJC_WEAK = YES;
				CLANG_WARN_BLOCK_CAPTURE_AUTORELEASING = YES;
				CLANG_WARN_BOOL_CONVERSION = YES;
				CLANG_WARN_COMMA = YES;
				CLANG_WARN_CONSTANT_CONVERSION = YES;
				CLANG_WARN_DEPRECATED_OBJC_IMPLEMENTATIONS = YES;
				CLANG_WARN_DIRECT_OBJC_ISA_USAGE = YES_ERROR;
				CLANG_WARN_DOCUMENTATION_COMMENTS = YES;
				CLANG_WARN_EMPTY_BODY = YES;
				CLANG_WARN_ENUM_CONVERSION = YES;
				CLANG_WARN_INFINITE_RECURSION = YES;
				CLANG_WARN_INT_CONVERSION = YES;
				CLANG_WARN_NON_LITERAL_NULL_CONVERSION = YES;
				CLANG_WARN_OBJC_IMPLICIT_RETAIN_SELF = YES;
				CLANG_WARN_OBJC_LITERAL_CONVERSION = YES;
				CLANG_WARN_OBJC_ROOT_CLASS = YES_ERROR;
				CLANG_WARN_QUOTED_INCLUDE_IN_FRAMEWORK_HEADER = YES;
				CLANG_WARN_RANGE_LOOP_ANALYSIS = YES;
				CLANG_WARN_STRICT_PROTOTYPES = YES;
				CLANG_WARN_SUSPICIOUS_MOVE = YES;
				CLANG_WARN_UNGUARDED_AVAILABILITY = YES_AGGRESSIVE;
				CLANG_WARN_UNREACHABLE_CODE = YES;
				CLANG_WARN__DUPLICATE_METHOD_MATCH = YES;
				COPY_PHASE_STRIP = NO;
				DEBUG_INFORMATION_FORMAT = dwarf;
				ENABLE_STRICT_OBJC_MSGSEND = YES;
				ENABLE_TESTABILITY = YES;
				GCC_C_LANGUAGE_STANDARD = gnu11;
				GCC_DYNAMIC_NO_PIC = NO;
				GCC_NO_COMMON_BLOCKS = YES;
				GCC_OPTIMIZATION_LEVEL = 0;
				GCC_PREPROCESSOR_DEFINITIONS = (
					"DEBUG=1",
					"$(inherited)",
				);
				GCC_WARN_64_TO_32_BIT_CONVERSION = YES;
				GCC_WARN_ABOUT_RETURN_TYPE = YES_ERROR;
				GCC_WARN_UNDECLARED_SELECTOR = YES;
				GCC_WARN_UNINITIALIZED_AUTOS = YES_AGGRESSIVE;
				GCC_WARN_UNUSED_FUNCTION = YES;
				GCC_WARN_UNUSED_VARIABLE = YES;
				IPHONEOS_DEPLOYMENT_TARGET = 15.4;
				MTL_ENABLE_DEBUG_INFO = INCLUDE_SOURCE;
				MTL_FAST_MATH = YES;
				ONLY_ACTIVE_ARCH = YES;
				SDKROOT = iphoneos;
				SWIFT_ACTIVE_COMPILATION_CONDITIONS = DEBUG;
				SWIFT_OPTIMIZATION_LEVEL = "-Onone";
			};
			name = Debug;
		};
		238228D427EA13B800AA3987 /* Release */ = {
			isa = XCBuildConfiguration;
			buildSettings = {
				ALWAYS_SEARCH_USER_PATHS = NO;
				CLANG_ANALYZER_NONNULL = YES;
				CLANG_ANALYZER_NUMBER_OBJECT_CONVERSION = YES_AGGRESSIVE;
				CLANG_CXX_LANGUAGE_STANDARD = "gnu++17";
				CLANG_ENABLE_MODULES = YES;
				CLANG_ENABLE_OBJC_ARC = YES;
				CLANG_ENABLE_OBJC_WEAK = YES;
				CLANG_WARN_BLOCK_CAPTURE_AUTORELEASING = YES;
				CLANG_WARN_BOOL_CONVERSION = YES;
				CLANG_WARN_COMMA = YES;
				CLANG_WARN_CONSTANT_CONVERSION = YES;
				CLANG_WARN_DEPRECATED_OBJC_IMPLEMENTATIONS = YES;
				CLANG_WARN_DIRECT_OBJC_ISA_USAGE = YES_ERROR;
				CLANG_WARN_DOCUMENTATION_COMMENTS = YES;
				CLANG_WARN_EMPTY_BODY = YES;
				CLANG_WARN_ENUM_CONVERSION = YES;
				CLANG_WARN_INFINITE_RECURSION = YES;
				CLANG_WARN_INT_CONVERSION = YES;
				CLANG_WARN_NON_LITERAL_NULL_CONVERSION = YES;
				CLANG_WARN_OBJC_IMPLICIT_RETAIN_SELF = YES;
				CLANG_WARN_OBJC_LITERAL_CONVERSION = YES;
				CLANG_WARN_OBJC_ROOT_CLASS = YES_ERROR;
				CLANG_WARN_QUOTED_INCLUDE_IN_FRAMEWORK_HEADER = YES;
				CLANG_WARN_RANGE_LOOP_ANALYSIS = YES;
				CLANG_WARN_STRICT_PROTOTYPES = YES;
				CLANG_WARN_SUSPICIOUS_MOVE = YES;
				CLANG_WARN_UNGUARDED_AVAILABILITY = YES_AGGRESSIVE;
				CLANG_WARN_UNREACHABLE_CODE = YES;
				CLANG_WARN__DUPLICATE_METHOD_MATCH = YES;
				COPY_PHASE_STRIP = NO;
				DEBUG_INFORMATION_FORMAT = "dwarf-with-dsym";
				ENABLE_NS_ASSERTIONS = NO;
				ENABLE_STRICT_OBJC_MSGSEND = YES;
				GCC_C_LANGUAGE_STANDARD = gnu11;
				GCC_NO_COMMON_BLOCKS = YES;
				GCC_WARN_64_TO_32_BIT_CONVERSION = YES;
				GCC_WARN_ABOUT_RETURN_TYPE = YES_ERROR;
				GCC_WARN_UNDECLARED_SELECTOR = YES;
				GCC_WARN_UNINITIALIZED_AUTOS = YES_AGGRESSIVE;
				GCC_WARN_UNUSED_FUNCTION = YES;
				GCC_WARN_UNUSED_VARIABLE = YES;
				IPHONEOS_DEPLOYMENT_TARGET = 15.4;
				MTL_ENABLE_DEBUG_INFO = NO;
				MTL_FAST_MATH = YES;
				SDKROOT = iphoneos;
				SWIFT_COMPILATION_MODE = wholemodule;
				SWIFT_OPTIMIZATION_LEVEL = "-O";
				VALIDATE_PRODUCT = YES;
			};
			name = Release;
		};
		238228D627EA13B800AA3987 /* Debug */ = {
			isa = XCBuildConfiguration;
			buildSettings = {
				ASSETCATALOG_COMPILER_APPICON_NAME = AppIcon;
				ASSETCATALOG_COMPILER_GLOBAL_ACCENT_COLOR_NAME = AccentColor;
				CODE_SIGN_STYLE = Automatic;
				CURRENT_PROJECT_VERSION = 1;
				DEVELOPMENT_ASSET_PATHS = "\"What the Cat?!/Preview Content\"";
				DEVELOPMENT_TEAM = ZG6YUNQKKA;
				ENABLE_PREVIEWS = YES;
				GENERATE_INFOPLIST_FILE = YES;
				INFOPLIST_FILE = "What-the-Cat---Info.plist";
				INFOPLIST_KEY_UIApplicationSceneManifest_Generation = YES;
				INFOPLIST_KEY_UIApplicationSupportsIndirectInputEvents = YES;
				INFOPLIST_KEY_UILaunchScreen_Generation = YES;
				INFOPLIST_KEY_UISupportedInterfaceOrientations_iPad = "UIInterfaceOrientationPortrait UIInterfaceOrientationPortraitUpsideDown UIInterfaceOrientationLandscapeLeft UIInterfaceOrientationLandscapeRight";
				INFOPLIST_KEY_UISupportedInterfaceOrientations_iPhone = "UIInterfaceOrientationLandscapeLeft UIInterfaceOrientationLandscapeRight";
				LD_RUNPATH_SEARCH_PATHS = (
					"$(inherited)",
					"@executable_path/Frameworks",
				);
				MARKETING_VERSION = 1.0;
				PRODUCT_BUNDLE_IDENTIFIER = "GiuseppeFalso.What-the-Cat--";
				PRODUCT_NAME = "$(TARGET_NAME)";
				SWIFT_EMIT_LOC_STRINGS = YES;
				SWIFT_VERSION = 5.0;
				TARGETED_DEVICE_FAMILY = "1,2";
			};
			name = Debug;
		};
		238228D727EA13B800AA3987 /* Release */ = {
			isa = XCBuildConfiguration;
			buildSettings = {
				ASSETCATALOG_COMPILER_APPICON_NAME = AppIcon;
				ASSETCATALOG_COMPILER_GLOBAL_ACCENT_COLOR_NAME = AccentColor;
				CODE_SIGN_STYLE = Automatic;
				CURRENT_PROJECT_VERSION = 1;
				DEVELOPMENT_ASSET_PATHS = "\"What the Cat?!/Preview Content\"";
				DEVELOPMENT_TEAM = ZG6YUNQKKA;
				ENABLE_PREVIEWS = YES;
				GENERATE_INFOPLIST_FILE = YES;
				INFOPLIST_FILE = "What-the-Cat---Info.plist";
				INFOPLIST_KEY_UIApplicationSceneManifest_Generation = YES;
				INFOPLIST_KEY_UIApplicationSupportsIndirectInputEvents = YES;
				INFOPLIST_KEY_UILaunchScreen_Generation = YES;
				INFOPLIST_KEY_UISupportedInterfaceOrientations_iPad = "UIInterfaceOrientationPortrait UIInterfaceOrientationPortraitUpsideDown UIInterfaceOrientationLandscapeLeft UIInterfaceOrientationLandscapeRight";
				INFOPLIST_KEY_UISupportedInterfaceOrientations_iPhone = "UIInterfaceOrientationLandscapeLeft UIInterfaceOrientationLandscapeRight";
				LD_RUNPATH_SEARCH_PATHS = (
					"$(inherited)",
					"@executable_path/Frameworks",
				);
				MARKETING_VERSION = 1.0;
				PRODUCT_BUNDLE_IDENTIFIER = "GiuseppeFalso.What-the-Cat--";
				PRODUCT_NAME = "$(TARGET_NAME)";
				SWIFT_EMIT_LOC_STRINGS = YES;
				SWIFT_VERSION = 5.0;
				TARGETED_DEVICE_FAMILY = "1,2";
			};
			name = Release;
		};
/* End XCBuildConfiguration section */

/* Begin XCConfigurationList section */
		238228C227EA13B500AA3987 /* Build configuration list for PBXProject "What the Cat?!" */ = {
			isa = XCConfigurationList;
			buildConfigurations = (
				238228D327EA13B800AA3987 /* Debug */,
				238228D427EA13B800AA3987 /* Release */,
			);
			defaultConfigurationIsVisible = 0;
			defaultConfigurationName = Release;
		};
		238228D527EA13B800AA3987 /* Build configuration list for PBXNativeTarget "What the Cat?!" */ = {
			isa = XCConfigurationList;
			buildConfigurations = (
				238228D627EA13B800AA3987 /* Debug */,
				238228D727EA13B800AA3987 /* Release */,
			);
			defaultConfigurationIsVisible = 0;
			defaultConfigurationName = Release;
		};
/* End XCConfigurationList section */
	};
	rootObject = 238228BF27EA13B500AA3987 /* Project object */;
}
